
Microsoft Visual Studio Solution File, Format Version 12.00
# Visual Studio Version 17
VisualStudioVersion = 17.5.33414.496
MinimumVisualStudioVersion = 10.0.40219.1
Project("{FAE04EC0-301F-11D3-BF4B-00C04F79EFBC}") = "01.02hw", "01.02hw\01.02hw.csproj", "{649CE0B3-AEE4-45A3-8CE8-9DD23D1A1843}"
EndProject
Global
	GlobalSection(SolutionConfigurationPlatforms) = preSolution
		Debug|Any CPU = Debug|Any CPU
		Release|Any CPU = Release|Any CPU
	EndGlobalSection
	GlobalSection(ProjectConfigurationPlatforms) = postSolution
		{649CE0B3-AEE4-45A3-8CE8-9DD23D1A1843}.Debug|Any CPU.ActiveCfg = Debug|Any CPU
		{649CE0B3-AEE4-45A3-8CE8-9DD23D1A1843}.Debug|Any CPU.Build.0 = Debug|Any CPU
		{649CE0B3-AEE4-45A3-8CE8-9DD23D1A1843}.Release|Any CPU.ActiveCfg = Release|Any CPU
		{649CE0B3-AEE4-45A3-8CE8-9DD23D1A1843}.Release|Any CPU.Build.0 = Release|Any CPU
	EndGlobalSection
	GlobalSection(SolutionProperties) = preSolution
		HideSolutionNode = FALSE
	EndGlobalSection
	GlobalSection(ExtensibilityGlobals) = postSolution
		SolutionGuid = {0AABD7FC-D970-485B-9C4C-F1E8F64AF986}
	EndGlobalSection
EndGlobal
